
Microsoft Visual Studio Solution File, Format Version 12.00
# Visual Studio Version 17
VisualStudioVersion = 17.0.31903.59
MinimumVisualStudioVersion = 10.0.40219.1
Project("{9A19103F-16F7-4668-BE54-9A1E7A4F7556}") = "OKX.Net", "libs\OKX.Net\OKX.Net\OKX.Net.csproj", "{FB63F66C-8C76-4BC7-95AC-706FF50599DC}"
EndProject
Project("{9A19103F-16F7-4668-BE54-9A1E7A4F7556}") = "SIGrid.App.GridBot", "src\SIGrid.App.GridBot\SIGrid.App.GridBot.csproj", "{532EFA83-1517-411F-BA3A-904E4E37AE52}"
EndProject
Project("{2150E333-8FDC-42A3-9474-1A3956D46DE8}") = "_Solution Items", "_Solution Items", "{9FA034A7-473A-40E6-A42F-41866DB609C9}"
	ProjectSection(SolutionItems) = preProject
		LICENSE = LICENSE
	EndProjectSection
EndProject
Global
	GlobalSection(SolutionConfigurationPlatforms) = preSolution
		Debug|Any CPU = Debug|Any CPU
		Release|Any CPU = Release|Any CPU
	EndGlobalSection
	GlobalSection(ProjectConfigurationPlatforms) = postSolution
		{FB63F66C-8C76-4BC7-95AC-706FF50599DC}.Debug|Any CPU.ActiveCfg = Debug|Any CPU
		{FB63F66C-8C76-4BC7-95AC-706FF50599DC}.Debug|Any CPU.Build.0 = Debug|Any CPU
		{FB63F66C-8C76-4BC7-95AC-706FF50599DC}.Release|Any CPU.ActiveCfg = Release|Any CPU
		{FB63F66C-8C76-4BC7-95AC-706FF50599DC}.Release|Any CPU.Build.0 = Release|Any CPU
		{532EFA83-1517-411F-BA3A-904E4E37AE52}.Debug|Any CPU.ActiveCfg = Debug|Any CPU
		{532EFA83-1517-411F-BA3A-904E4E37AE52}.Debug|Any CPU.Build.0 = Debug|Any CPU
		{532EFA83-1517-411F-BA3A-904E4E37AE52}.Release|Any CPU.ActiveCfg = Release|Any CPU
		{532EFA83-1517-411F-BA3A-904E4E37AE52}.Release|Any CPU.Build.0 = Release|Any CPU
	EndGlobalSection
	GlobalSection(SolutionProperties) = preSolution
		HideSolutionNode = FALSE
	EndGlobalSection
	GlobalSection(ExtensibilityGlobals) = postSolution
		SolutionGuid = {B1C2AE95-689D-4020-8DF9-B9116416B4EF}
	EndGlobalSection
EndGlobal
