
Microsoft Visual Studio Solution File, Format Version 12.00
# Visual Studio Version 17
VisualStudioVersion = 17.0.31903.59
MinimumVisualStudioVersion = 10.0.40219.1
Project("{9A19103F-16F7-4668-BE54-9A1E7A4F7556}") = "SIGrid.TradeBot", "src\SIGrid.TradeBot\SIGrid.TradeBot.csproj", "{2570C4A9-F976-4496-8C0A-DEAFE60957D3}"
EndProject
Project("{9A19103F-16F7-4668-BE54-9A1E7A4F7556}") = "SIGrid.TradeBotApp", "src\SIGrid.TradeBotApp\SIGrid.TradeBotApp.csproj", "{730B03EC-31F0-40AB-B031-B6ACD5D25518}"
EndProject
Project("{9A19103F-16F7-4668-BE54-9A1E7A4F7556}") = "SIGrid.Exchange.Shared", "src\SIGrid.Exchange.Shared\SIGrid.Exchange.Shared.csproj", "{FB176D88-D877-4050-8F67-B0F568072D9D}"
EndProject
Project("{9A19103F-16F7-4668-BE54-9A1E7A4F7556}") = "OKX.Net", "libs\OKX.Net\OKX.Net\OKX.Net.csproj", "{FB63F66C-8C76-4BC7-95AC-706FF50599DC}"
EndProject
Project("{FAE04EC0-301F-11D3-BF4B-00C04F79EFBC}") = "SIGrid.Telemetry", "src\SIGrid.Telemetry\SIGrid.Telemetry.csproj", "{95B71A95-098F-411F-A896-75B2F8FFBF99}"
EndProject
Global
	GlobalSection(SolutionConfigurationPlatforms) = preSolution
		Debug|Any CPU = Debug|Any CPU
		Release|Any CPU = Release|Any CPU
	EndGlobalSection
	GlobalSection(ProjectConfigurationPlatforms) = postSolution
		{2570C4A9-F976-4496-8C0A-DEAFE60957D3}.Debug|Any CPU.ActiveCfg = Debug|Any CPU
		{2570C4A9-F976-4496-8C0A-DEAFE60957D3}.Debug|Any CPU.Build.0 = Debug|Any CPU
		{2570C4A9-F976-4496-8C0A-DEAFE60957D3}.Release|Any CPU.ActiveCfg = Release|Any CPU
		{2570C4A9-F976-4496-8C0A-DEAFE60957D3}.Release|Any CPU.Build.0 = Release|Any CPU
		{730B03EC-31F0-40AB-B031-B6ACD5D25518}.Debug|Any CPU.ActiveCfg = Debug|Any CPU
		{730B03EC-31F0-40AB-B031-B6ACD5D25518}.Debug|Any CPU.Build.0 = Debug|Any CPU
		{730B03EC-31F0-40AB-B031-B6ACD5D25518}.Release|Any CPU.ActiveCfg = Release|Any CPU
		{730B03EC-31F0-40AB-B031-B6ACD5D25518}.Release|Any CPU.Build.0 = Release|Any CPU
		{FB176D88-D877-4050-8F67-B0F568072D9D}.Debug|Any CPU.ActiveCfg = Debug|Any CPU
		{FB176D88-D877-4050-8F67-B0F568072D9D}.Debug|Any CPU.Build.0 = Debug|Any CPU
		{FB176D88-D877-4050-8F67-B0F568072D9D}.Release|Any CPU.ActiveCfg = Release|Any CPU
		{FB176D88-D877-4050-8F67-B0F568072D9D}.Release|Any CPU.Build.0 = Release|Any CPU
		{FB63F66C-8C76-4BC7-95AC-706FF50599DC}.Debug|Any CPU.ActiveCfg = Debug|Any CPU
		{FB63F66C-8C76-4BC7-95AC-706FF50599DC}.Debug|Any CPU.Build.0 = Debug|Any CPU
		{FB63F66C-8C76-4BC7-95AC-706FF50599DC}.Release|Any CPU.ActiveCfg = Release|Any CPU
		{FB63F66C-8C76-4BC7-95AC-706FF50599DC}.Release|Any CPU.Build.0 = Release|Any CPU
		{95B71A95-098F-411F-A896-75B2F8FFBF99}.Debug|Any CPU.ActiveCfg = Debug|Any CPU
		{95B71A95-098F-411F-A896-75B2F8FFBF99}.Debug|Any CPU.Build.0 = Debug|Any CPU
		{95B71A95-098F-411F-A896-75B2F8FFBF99}.Release|Any CPU.ActiveCfg = Release|Any CPU
		{95B71A95-098F-411F-A896-75B2F8FFBF99}.Release|Any CPU.Build.0 = Release|Any CPU
	EndGlobalSection
	GlobalSection(SolutionProperties) = preSolution
		HideSolutionNode = FALSE
	EndGlobalSection
EndGlobal
